
Microsoft Visual Studio Solution File, Format Version 12.00
# Visual Studio Version 17
VisualStudioVersion = 17.8.34322.80
MinimumVisualStudioVersion = 10.0.40219.1
Project("{FAE04EC0-301F-11D3-BF4B-00C04F79EFBC}") = "Day_1_2", "Day_1_2\Day_1_2.csproj", "{D60D059E-7902-41F6-A89D-23DD48EE28E1}"
EndProject
Global
	GlobalSection(SolutionConfigurationPlatforms) = preSolution
		Debug|Any CPU = Debug|Any CPU
		Release|Any CPU = Release|Any CPU
	EndGlobalSection
	GlobalSection(ProjectConfigurationPlatforms) = postSolution
		{D60D059E-7902-41F6-A89D-23DD48EE28E1}.Debug|Any CPU.ActiveCfg = Debug|Any CPU
		{D60D059E-7902-41F6-A89D-23DD48EE28E1}.Debug|Any CPU.Build.0 = Debug|Any CPU
		{D60D059E-7902-41F6-A89D-23DD48EE28E1}.Release|Any CPU.ActiveCfg = Release|Any CPU
		{D60D059E-7902-41F6-A89D-23DD48EE28E1}.Release|Any CPU.Build.0 = Release|Any CPU
	EndGlobalSection
	GlobalSection(SolutionProperties) = preSolution
		HideSolutionNode = FALSE
	EndGlobalSection
	GlobalSection(ExtensibilityGlobals) = postSolution
		SolutionGuid = {BA91D123-83CE-4441-85A7-DAE7406F7C09}
	EndGlobalSection
EndGlobal
